
Microsoft Visual Studio Solution File, Format Version 12.00
# Visual Studio Version 17
VisualStudioVersion = 17.9.34728.123
MinimumVisualStudioVersion = 10.0.40219.1
Project("{2150E333-8FDC-42A3-9474-1A3956D46DE8}") = "v1", "v1", "{32C7FC6C-F861-4A12-A87A-DE00FCD659FE}"
EndProject
Project("{2150E333-8FDC-42A3-9474-1A3956D46DE8}") = "v2", "v2", "{C1FDBC45-2F47-4565-B2F0-36C029D4ABD2}"
EndProject
Project("{2150E333-8FDC-42A3-9474-1A3956D46DE8}") = "v3", "v3", "{57607E56-2333-4564-B1E6-5C9C7E9134AD}"
EndProject
Project("{FAE04EC0-301F-11D3-BF4B-00C04F79EFBC}") = "MasterAnalyticsDeadByDaylight.Legacy", "v1\MasterAnalyticsDeadByDaylight\MasterAnalyticsDeadByDaylight.Legacy.csproj", "{4670DA49-1CE0-4F71-AC0E-DC98C57F93BD}"
EndProject
Project("{FAE04EC0-301F-11D3-BF4B-00C04F79EFBC}") = "DBDAnalytics.Application", "v2\DBDAnalytics.Application\DBDAnalytics.Application.csproj", "{78748D90-3A0B-4C6B-9E40-6D0DB99E2E61}"
EndProject
Project("{FAE04EC0-301F-11D3-BF4B-00C04F79EFBC}") = "DBDAnalytics.Domain", "v2\DBDAnalytics.Domain\DBDAnalytics.Domain.csproj", "{EFDE0218-A84C-4D21-8FE3-D611259C559A}"
EndProject
Project("{FAE04EC0-301F-11D3-BF4B-00C04F79EFBC}") = "DBDAnalytics.Infrastructure", "v2\DBDAnalytics.Infrastructure\DBDAnalytics.Infrastructure.csproj", "{AD70C0C1-98F3-4799-BDE4-C4D9E5DBAF1A}"
EndProject
Project("{FAE04EC0-301F-11D3-BF4B-00C04F79EFBC}") = "DBDAnalytics.WPF", "v2\DBDAnalytics.WPF\DBDAnalytics.WPF.csproj", "{635B3DD3-D57E-4088-B582-020F7E9D7860}"
EndProject
Project("{2150E333-8FDC-42A3-9474-1A3956D46DE8}") = "deployment", "deployment", "{F587F338-8A00-445E-9AE0-2F7BACC1326C}"
EndProject
Project("{2150E333-8FDC-42A3-9474-1A3956D46DE8}") = "scripts", "scripts", "{747CD6D1-71A3-4D2E-AFE2-B230CCF69BBC}"
EndProject
Project("{2150E333-8FDC-42A3-9474-1A3956D46DE8}") = "src", "src", "{349C340B-1ED6-47C4-B601-96AD0CECAF19}"
EndProject
Project("{2150E333-8FDC-42A3-9474-1A3956D46DE8}") = "tests", "tests", "{89724276-3C49-4543-8598-2A4E37D41629}"
EndProject
Project("{FAE04EC0-301F-11D3-BF4B-00C04F79EFBC}") = "DBDAnalytics.Shared.Domain", "v3\src\Shared\DBDAnalytics.Shared.Domain\DBDAnalytics.Shared.Domain.csproj", "{9B2BB787-2D02-47DD-BC52-D7A5E629F76C}"
EndProject
Project("{FAE04EC0-301F-11D3-BF4B-00C04F79EFBC}") = "DBDAnalytics.Shared.Contracts", "v3\src\Shared\DBDAnalytics.Shared.Contracts\DBDAnalytics.Shared.Contracts.csproj", "{8F5B21C4-E501-4CAC-8BD1-3E723C6ADC86}"
EndProject
Project("{2150E333-8FDC-42A3-9474-1A3956D46DE8}") = "apps", "apps", "{991EDB34-A6AD-4210-B81A-785F77FCA85F}"
EndProject
Project("{2150E333-8FDC-42A3-9474-1A3956D46DE8}") = "gateways", "gateways", "{93324A70-2F4B-4B8C-B832-8583DE281D9D}"
EndProject
Project("{2150E333-8FDC-42A3-9474-1A3956D46DE8}") = "services", "services", "{3E083017-5BBB-4CE8-9519-7EF00FA853FB}"
EndProject
Project("{2150E333-8FDC-42A3-9474-1A3956D46DE8}") = "shared", "shared", "{B2B8839C-7268-413A-BA1A-3113CF89F870}"
EndProject
Project("{2150E333-8FDC-42A3-9474-1A3956D46DE8}") = "CatalogService", "CatalogService", "{B35B4C19-9D18-4A3F-9FFE-FF875745B3D8}"
EndProject
Project("{2150E333-8FDC-42A3-9474-1A3956D46DE8}") = "StatsService", "StatsService", "{B80AC9E5-471C-4F02-8335-514DE76D3792}"
EndProject
Project("{2150E333-8FDC-42A3-9474-1A3956D46DE8}") = "MatchService", "MatchService", "{0F58FEA0-D424-4462-9436-7DFBF04FD43D}"
EndProject
Project("{FAE04EC0-301F-11D3-BF4B-00C04F79EFBC}") = "DBDAnalytics.CatalogService.Api", "v3\src\services\CatalogService\DBDAnalytics.CatalogService.Api\DBDAnalytics.CatalogService.Api.csproj", "{9AFE79F6-742E-433C-B7E2-F6D02DD2A524}"
EndProject
Project("{FAE04EC0-301F-11D3-BF4B-00C04F79EFBC}") = "DBDAnalytics.CatalogService.Application", "v3\src\services\CatalogService\DBDAnalytics.CatalogService.Application\DBDAnalytics.CatalogService.Application.csproj", "{D64817D8-629F-426F-8EF5-71E00FA95C38}"
EndProject
Project("{FAE04EC0-301F-11D3-BF4B-00C04F79EFBC}") = "DBDAnalytics.CatalogService.Infrastructure", "v3\src\services\CatalogService\DBDAnalytics.CatalogService.Infrastructure\DBDAnalytics.CatalogService.Infrastructure.csproj", "{C8D2C187-0410-4767-8AF6-9565E4B80E41}"
EndProject
Project("{FAE04EC0-301F-11D3-BF4B-00C04F79EFBC}") = "DBDAnalytics.CatalogService.Domain", "v3\src\services\CatalogService\DBDAnalytics.CatalogService.Domain\DBDAnalytics.CatalogService.Domain.csproj", "{8EC47A0F-0B62-42BE-AE31-F0A36DC59B13}"
EndProject
Project("{FAE04EC0-301F-11D3-BF4B-00C04F79EFBC}") = "DBDAnalytics.MatchService.Api", "v3\src\services\MatchService\DBDAnalytics.MatchService.Api\DBDAnalytics.MatchService.Api.csproj", "{B83C8A60-B245-46A2-BB30-3EA02B61BA6F}"
EndProject
Project("{FAE04EC0-301F-11D3-BF4B-00C04F79EFBC}") = "DBDAnalytics.MatchService.Application", "v3\src\services\MatchService\DBDAnalytics.MatchService.Application\DBDAnalytics.MatchService.Application.csproj", "{EB440B37-DC29-48EC-9A51-84083C0554B7}"
EndProject
Project("{FAE04EC0-301F-11D3-BF4B-00C04F79EFBC}") = "DBDAnalytics.MatchService.Infrastructure", "v3\src\services\MatchService\DBDAnalytics.MatchService.Infrastructure\DBDAnalytics.MatchService.Infrastructure.csproj", "{56CADF28-5027-4865-B570-ABED813C7DEA}"
EndProject
Project("{FAE04EC0-301F-11D3-BF4B-00C04F79EFBC}") = "DBDAnalytics.MatchService.Domain", "v3\src\services\MatchService\DBDAnalytics.MatchService.Domain\DBDAnalytics.MatchService.Domain.csproj", "{DAF2B2AF-7395-449F-96B4-00AF433D491E}"
EndProject
Project("{FAE04EC0-301F-11D3-BF4B-00C04F79EFBC}") = "DBDAnalytics.StatsService.Api", "v3\src\services\StatsService\DBDAnalytics.StatsService.Api\DBDAnalytics.StatsService.Api.csproj", "{3E1EE411-20DB-4E98-B867-FDFE0510C56C}"
EndProject
Project("{FAE04EC0-301F-11D3-BF4B-00C04F79EFBC}") = "DBDAnalytics.StatsService.Application", "v3\src\services\StatsService\DBDAnalytics.StatsService.Application\DBDAnalytics.StatsService.Application.csproj", "{DA5B45D8-5817-4877-9BD2-2DB977AAF3AF}"
EndProject
Project("{FAE04EC0-301F-11D3-BF4B-00C04F79EFBC}") = "DBDAnalytics.StatsService.Infrastructure", "v3\src\services\StatsService\DBDAnalytics.StatsService.Infrastructure\DBDAnalytics.StatsService.Infrastructure.csproj", "{7EE85232-6A14-418A-800D-B3FD219C7F96}"
EndProject
Project("{FAE04EC0-301F-11D3-BF4B-00C04F79EFBC}") = "DBDAnalytics.StatsService.Domain", "v3\src\services\StatsService\DBDAnalytics.StatsService.Domain\DBDAnalytics.StatsService.Domain.csproj", "{D9EAC4AF-55B5-4D1B-AEA3-28E668739542}"
EndProject
Project("{2150E333-8FDC-42A3-9474-1A3956D46DE8}") = "unit", "unit", "{E4CE6B6C-4D6D-4A3C-88D7-7D891B4972FC}"
EndProject
Project("{2150E333-8FDC-42A3-9474-1A3956D46DE8}") = "integration", "integration", "{2E03BD2D-E1E4-46E9-BCA7-EAAF336EDF97}"
EndProject
Project("{2150E333-8FDC-42A3-9474-1A3956D46DE8}") = "e2e", "e2e", "{C445480B-E235-4C41-A322-70030FF8BA3C}"
EndProject
Project("{2150E333-8FDC-42A3-9474-1A3956D46DE8}") = "tools", "tools", "{16C40799-C199-499F-A3F7-0787AEDFF8E4}"
EndProject
Project("{2150E333-8FDC-42A3-9474-1A3956D46DE8}") = "docs", "docs", "{12C50D52-F03D-4950-BF6A-F0304BD466D4}"
EndProject
Project("{2150E333-8FDC-42A3-9474-1A3956D46DE8}") = "docker-compose", "docker-compose", "{99CED204-96E8-4762-B910-4D3F63AE7CC2}"
	ProjectSection(SolutionItems) = preProject
		v3\deployment\docker-compose\minio-docker-compose.yml = v3\deployment\docker-compose\minio-docker-compose.yml
		v3\deployment\docker-compose\postgres-docker-compose.yml = v3\deployment\docker-compose\postgres-docker-compose.yml
	EndProjectSection
EndProject
Project("{2150E333-8FDC-42A3-9474-1A3956D46DE8}") = "docker", "docker", "{80DA8C1F-E1D8-49C0-BD44-5CBEFD10FC53}"
EndProject
Project("{FAE04EC0-301F-11D3-BF4B-00C04F79EFBC}") = "DBDAnalytics.AdminPanel.WPF", "v3\src\apps\DBDAnalytics.AdminPanel.WPF\DBDAnalytics.AdminPanel.WPF.csproj", "{5892E3FA-91AC-441E-B46B-F251B87DDCFA}"
EndProject
Project("{2150E333-8FDC-42A3-9474-1A3956D46DE8}") = "clients", "clients", "{36D591C7-65C7-A0D1-1CBC-10CDE441BDC8}"
EndProject
Project("{FAE04EC0-301F-11D3-BF4B-00C04F79EFBC}") = "DBDAnalytics.CatalogService.Client", "v3\src\clients\DBDAnalytics.CatalogService.Client\DBDAnalytics.CatalogService.Client.csproj", "{648F02A4-B885-47D0-8146-A7E58E59CC26}"
EndProject
Project("{2150E333-8FDC-42A3-9474-1A3956D46DE8}") = "UI", "UI", "{741BD074-1F8F-4098-9EC7-1AE067BB151D}"
EndProject
Project("{2150E333-8FDC-42A3-9474-1A3956D46DE8}") = "infrastructure", "infrastructure", "{451201B7-BF9E-48CC-B23C-09A0D0B417D7}"
EndProject
Project("{FAE04EC0-301F-11D3-BF4B-00C04F79EFBC}") = "Shared.HttpClients", "v3\src\shared\infrastructure\Shared.HttpClients\Shared.HttpClients.csproj", "{8D8D2C52-B21B-0B89-74E6-2CF64EB09F81}"
EndProject
Project("{FAE04EC0-301F-11D3-BF4B-00C04F79EFBC}") = "Shared.Utilities", "v3\src\shared\infrastructure\Shared.Utilities\Shared.Utilities.csproj", "{CDC013AC-8C7B-12A8-B650-37380B4796BA}"
EndProject
Project("{FAE04EC0-301F-11D3-BF4B-00C04F79EFBC}") = "Shared.WPF", "v3\src\shared\ui\Shared.WPF\Shared.WPF.csproj", "{0D261B37-A6A3-D5CA-C625-5DAA5B3EFCD4}"
EndProject
Project("{2150E333-8FDC-42A3-9474-1A3956D46DE8}") = "FIleStorageService", "FIleStorageService", "{63DC9A9E-E524-40F3-90D6-02145315010E}"
EndProject
Project("{FAE04EC0-301F-11D3-BF4B-00C04F79EFBC}") = "DBDAnalytics.FIleStorageService.Api", "v3\src\services\FIleStorageService\DBDAnalytics.FIleStorageService.Api\DBDAnalytics.FIleStorageService.Api.csproj", "{BC1F8933-6963-4E66-9498-A0A5DCCE5D59}"
EndProject
Project("{FAE04EC0-301F-11D3-BF4B-00C04F79EFBC}") = "DBDAnalytics.FIleStorageService.Client", "v3\src\clients\DBDAnalytics.FIleStorageService.Client\DBDAnalytics.FIleStorageService.Client.csproj", "{267E52ED-3EFE-4428-8106-075F52B8ECFB}"
EndProject
Project("{2150E333-8FDC-42A3-9474-1A3956D46DE8}") = "api", "api", "{889D4837-6950-4C1B-9658-B88FB7FB5AC0}"
EndProject
Project("{FAE04EC0-301F-11D3-BF4B-00C04F79EFBC}") = "Shared.Api", "v3\src\shared\api\Shared.Api\Shared.Api.csproj", "{E4D2A11B-0CDE-32D2-4B6E-259BDED4DF5D}"
EndProject
Project("{FAE04EC0-301F-11D3-BF4B-00C04F79EFBC}") = "Shared.Api.Application", "v3\src\shared\api\Shared.Api.Application\Shared.Api.Application.csproj", "{F803152E-DBD1-D868-E6FB-54409E61CE74}"
EndProject
Project("{FAE04EC0-301F-11D3-BF4B-00C04F79EFBC}") = "Shared.Api.Infrastructure", "v3\src\shared\api\Shared.Api.Infrastructure\Shared.Api.Infrastructure.csproj", "{0F79A1DF-0794-B050-B7B1-2DA5196237DD}"
EndProject
Project("{2150E333-8FDC-42A3-9474-1A3956D46DE8}") = "client", "client", "{6073E43B-9CCB-42C2-8D52-4F728E13380D}"
EndProject
Project("{FAE04EC0-301F-11D3-BF4B-00C04F79EFBC}") = "Shared.Authentication", "v3\src\shared\client\Shared.Authentication\Shared.Authentication.csproj", "{6E4CF029-F016-4C0C-B19F-8DFB4453DEAD}"
EndProject
Project("{FAE04EC0-301F-11D3-BF4B-00C04F79EFBC}") = "Shared.Kernel", "v3\src\shared\Shared.Kernel\Shared.Kernel.csproj", "{7C95074C-D848-4DF3-A04D-557239C923FD}"
EndProject
Global
	GlobalSection(SolutionConfigurationPlatforms) = preSolution
		Debug|Any CPU = Debug|Any CPU
		Release|Any CPU = Release|Any CPU
	EndGlobalSection
	GlobalSection(ProjectConfigurationPlatforms) = postSolution
		{4670DA49-1CE0-4F71-AC0E-DC98C57F93BD}.Debug|Any CPU.ActiveCfg = Debug|Any CPU
		{4670DA49-1CE0-4F71-AC0E-DC98C57F93BD}.Debug|Any CPU.Build.0 = Debug|Any CPU
		{4670DA49-1CE0-4F71-AC0E-DC98C57F93BD}.Release|Any CPU.ActiveCfg = Release|Any CPU
		{4670DA49-1CE0-4F71-AC0E-DC98C57F93BD}.Release|Any CPU.Build.0 = Release|Any CPU
		{78748D90-3A0B-4C6B-9E40-6D0DB99E2E61}.Debug|Any CPU.ActiveCfg = Debug|Any CPU
		{78748D90-3A0B-4C6B-9E40-6D0DB99E2E61}.Debug|Any CPU.Build.0 = Debug|Any CPU
		{78748D90-3A0B-4C6B-9E40-6D0DB99E2E61}.Release|Any CPU.ActiveCfg = Release|Any CPU
		{78748D90-3A0B-4C6B-9E40-6D0DB99E2E61}.Release|Any CPU.Build.0 = Release|Any CPU
		{EFDE0218-A84C-4D21-8FE3-D611259C559A}.Debug|Any CPU.ActiveCfg = Debug|Any CPU
		{EFDE0218-A84C-4D21-8FE3-D611259C559A}.Debug|Any CPU.Build.0 = Debug|Any CPU
		{EFDE0218-A84C-4D21-8FE3-D611259C559A}.Release|Any CPU.ActiveCfg = Release|Any CPU
		{EFDE0218-A84C-4D21-8FE3-D611259C559A}.Release|Any CPU.Build.0 = Release|Any CPU
		{AD70C0C1-98F3-4799-BDE4-C4D9E5DBAF1A}.Debug|Any CPU.ActiveCfg = Debug|Any CPU
		{AD70C0C1-98F3-4799-BDE4-C4D9E5DBAF1A}.Debug|Any CPU.Build.0 = Debug|Any CPU
		{AD70C0C1-98F3-4799-BDE4-C4D9E5DBAF1A}.Release|Any CPU.ActiveCfg = Release|Any CPU
		{AD70C0C1-98F3-4799-BDE4-C4D9E5DBAF1A}.Release|Any CPU.Build.0 = Release|Any CPU
		{635B3DD3-D57E-4088-B582-020F7E9D7860}.Debug|Any CPU.ActiveCfg = Debug|Any CPU
		{635B3DD3-D57E-4088-B582-020F7E9D7860}.Debug|Any CPU.Build.0 = Debug|Any CPU
		{635B3DD3-D57E-4088-B582-020F7E9D7860}.Release|Any CPU.ActiveCfg = Release|Any CPU
		{635B3DD3-D57E-4088-B582-020F7E9D7860}.Release|Any CPU.Build.0 = Release|Any CPU
		{9B2BB787-2D02-47DD-BC52-D7A5E629F76C}.Debug|Any CPU.ActiveCfg = Debug|Any CPU
		{9B2BB787-2D02-47DD-BC52-D7A5E629F76C}.Debug|Any CPU.Build.0 = Debug|Any CPU
		{9B2BB787-2D02-47DD-BC52-D7A5E629F76C}.Release|Any CPU.ActiveCfg = Release|Any CPU
		{9B2BB787-2D02-47DD-BC52-D7A5E629F76C}.Release|Any CPU.Build.0 = Release|Any CPU
		{8F5B21C4-E501-4CAC-8BD1-3E723C6ADC86}.Debug|Any CPU.ActiveCfg = Debug|Any CPU
		{8F5B21C4-E501-4CAC-8BD1-3E723C6ADC86}.Debug|Any CPU.Build.0 = Debug|Any CPU
		{8F5B21C4-E501-4CAC-8BD1-3E723C6ADC86}.Release|Any CPU.ActiveCfg = Release|Any CPU
		{8F5B21C4-E501-4CAC-8BD1-3E723C6ADC86}.Release|Any CPU.Build.0 = Release|Any CPU
		{9AFE79F6-742E-433C-B7E2-F6D02DD2A524}.Debug|Any CPU.ActiveCfg = Debug|Any CPU
		{9AFE79F6-742E-433C-B7E2-F6D02DD2A524}.Debug|Any CPU.Build.0 = Debug|Any CPU
		{9AFE79F6-742E-433C-B7E2-F6D02DD2A524}.Release|Any CPU.ActiveCfg = Release|Any CPU
		{9AFE79F6-742E-433C-B7E2-F6D02DD2A524}.Release|Any CPU.Build.0 = Release|Any CPU
		{D64817D8-629F-426F-8EF5-71E00FA95C38}.Debug|Any CPU.ActiveCfg = Debug|Any CPU
		{D64817D8-629F-426F-8EF5-71E00FA95C38}.Debug|Any CPU.Build.0 = Debug|Any CPU
		{D64817D8-629F-426F-8EF5-71E00FA95C38}.Release|Any CPU.ActiveCfg = Release|Any CPU
		{D64817D8-629F-426F-8EF5-71E00FA95C38}.Release|Any CPU.Build.0 = Release|Any CPU
		{C8D2C187-0410-4767-8AF6-9565E4B80E41}.Debug|Any CPU.ActiveCfg = Debug|Any CPU
		{C8D2C187-0410-4767-8AF6-9565E4B80E41}.Debug|Any CPU.Build.0 = Debug|Any CPU
		{C8D2C187-0410-4767-8AF6-9565E4B80E41}.Release|Any CPU.ActiveCfg = Release|Any CPU
		{C8D2C187-0410-4767-8AF6-9565E4B80E41}.Release|Any CPU.Build.0 = Release|Any CPU
		{8EC47A0F-0B62-42BE-AE31-F0A36DC59B13}.Debug|Any CPU.ActiveCfg = Debug|Any CPU
		{8EC47A0F-0B62-42BE-AE31-F0A36DC59B13}.Debug|Any CPU.Build.0 = Debug|Any CPU
		{8EC47A0F-0B62-42BE-AE31-F0A36DC59B13}.Release|Any CPU.ActiveCfg = Release|Any CPU
		{8EC47A0F-0B62-42BE-AE31-F0A36DC59B13}.Release|Any CPU.Build.0 = Release|Any CPU
		{B83C8A60-B245-46A2-BB30-3EA02B61BA6F}.Debug|Any CPU.ActiveCfg = Debug|Any CPU
		{B83C8A60-B245-46A2-BB30-3EA02B61BA6F}.Debug|Any CPU.Build.0 = Debug|Any CPU
		{B83C8A60-B245-46A2-BB30-3EA02B61BA6F}.Release|Any CPU.ActiveCfg = Release|Any CPU
		{B83C8A60-B245-46A2-BB30-3EA02B61BA6F}.Release|Any CPU.Build.0 = Release|Any CPU
		{EB440B37-DC29-48EC-9A51-84083C0554B7}.Debug|Any CPU.ActiveCfg = Debug|Any CPU
		{EB440B37-DC29-48EC-9A51-84083C0554B7}.Debug|Any CPU.Build.0 = Debug|Any CPU
		{EB440B37-DC29-48EC-9A51-84083C0554B7}.Release|Any CPU.ActiveCfg = Release|Any CPU
		{EB440B37-DC29-48EC-9A51-84083C0554B7}.Release|Any CPU.Build.0 = Release|Any CPU
		{56CADF28-5027-4865-B570-ABED813C7DEA}.Debug|Any CPU.ActiveCfg = Debug|Any CPU
		{56CADF28-5027-4865-B570-ABED813C7DEA}.Debug|Any CPU.Build.0 = Debug|Any CPU
		{56CADF28-5027-4865-B570-ABED813C7DEA}.Release|Any CPU.ActiveCfg = Release|Any CPU
		{56CADF28-5027-4865-B570-ABED813C7DEA}.Release|Any CPU.Build.0 = Release|Any CPU
		{DAF2B2AF-7395-449F-96B4-00AF433D491E}.Debug|Any CPU.ActiveCfg = Debug|Any CPU
		{DAF2B2AF-7395-449F-96B4-00AF433D491E}.Debug|Any CPU.Build.0 = Debug|Any CPU
		{DAF2B2AF-7395-449F-96B4-00AF433D491E}.Release|Any CPU.ActiveCfg = Release|Any CPU
		{DAF2B2AF-7395-449F-96B4-00AF433D491E}.Release|Any CPU.Build.0 = Release|Any CPU
		{3E1EE411-20DB-4E98-B867-FDFE0510C56C}.Debug|Any CPU.ActiveCfg = Debug|Any CPU
		{3E1EE411-20DB-4E98-B867-FDFE0510C56C}.Debug|Any CPU.Build.0 = Debug|Any CPU
		{3E1EE411-20DB-4E98-B867-FDFE0510C56C}.Release|Any CPU.ActiveCfg = Release|Any CPU
		{3E1EE411-20DB-4E98-B867-FDFE0510C56C}.Release|Any CPU.Build.0 = Release|Any CPU
		{DA5B45D8-5817-4877-9BD2-2DB977AAF3AF}.Debug|Any CPU.ActiveCfg = Debug|Any CPU
		{DA5B45D8-5817-4877-9BD2-2DB977AAF3AF}.Debug|Any CPU.Build.0 = Debug|Any CPU
		{DA5B45D8-5817-4877-9BD2-2DB977AAF3AF}.Release|Any CPU.ActiveCfg = Release|Any CPU
		{DA5B45D8-5817-4877-9BD2-2DB977AAF3AF}.Release|Any CPU.Build.0 = Release|Any CPU
		{7EE85232-6A14-418A-800D-B3FD219C7F96}.Debug|Any CPU.ActiveCfg = Debug|Any CPU
		{7EE85232-6A14-418A-800D-B3FD219C7F96}.Debug|Any CPU.Build.0 = Debug|Any CPU
		{7EE85232-6A14-418A-800D-B3FD219C7F96}.Release|Any CPU.ActiveCfg = Release|Any CPU
		{7EE85232-6A14-418A-800D-B3FD219C7F96}.Release|Any CPU.Build.0 = Release|Any CPU
		{D9EAC4AF-55B5-4D1B-AEA3-28E668739542}.Debug|Any CPU.ActiveCfg = Debug|Any CPU
		{D9EAC4AF-55B5-4D1B-AEA3-28E668739542}.Debug|Any CPU.Build.0 = Debug|Any CPU
		{D9EAC4AF-55B5-4D1B-AEA3-28E668739542}.Release|Any CPU.ActiveCfg = Release|Any CPU
		{D9EAC4AF-55B5-4D1B-AEA3-28E668739542}.Release|Any CPU.Build.0 = Release|Any CPU
		{5892E3FA-91AC-441E-B46B-F251B87DDCFA}.Debug|Any CPU.ActiveCfg = Debug|Any CPU
		{5892E3FA-91AC-441E-B46B-F251B87DDCFA}.Debug|Any CPU.Build.0 = Debug|Any CPU
		{5892E3FA-91AC-441E-B46B-F251B87DDCFA}.Release|Any CPU.ActiveCfg = Release|Any CPU
		{5892E3FA-91AC-441E-B46B-F251B87DDCFA}.Release|Any CPU.Build.0 = Release|Any CPU
		{648F02A4-B885-47D0-8146-A7E58E59CC26}.Debug|Any CPU.ActiveCfg = Debug|Any CPU
		{648F02A4-B885-47D0-8146-A7E58E59CC26}.Debug|Any CPU.Build.0 = Debug|Any CPU
		{648F02A4-B885-47D0-8146-A7E58E59CC26}.Release|Any CPU.ActiveCfg = Release|Any CPU
		{648F02A4-B885-47D0-8146-A7E58E59CC26}.Release|Any CPU.Build.0 = Release|Any CPU
		{8D8D2C52-B21B-0B89-74E6-2CF64EB09F81}.Debug|Any CPU.ActiveCfg = Debug|Any CPU
		{8D8D2C52-B21B-0B89-74E6-2CF64EB09F81}.Debug|Any CPU.Build.0 = Debug|Any CPU
		{8D8D2C52-B21B-0B89-74E6-2CF64EB09F81}.Release|Any CPU.ActiveCfg = Release|Any CPU
		{8D8D2C52-B21B-0B89-74E6-2CF64EB09F81}.Release|Any CPU.Build.0 = Release|Any CPU
		{CDC013AC-8C7B-12A8-B650-37380B4796BA}.Debug|Any CPU.ActiveCfg = Debug|Any CPU
		{CDC013AC-8C7B-12A8-B650-37380B4796BA}.Debug|Any CPU.Build.0 = Debug|Any CPU
		{CDC013AC-8C7B-12A8-B650-37380B4796BA}.Release|Any CPU.ActiveCfg = Release|Any CPU
		{CDC013AC-8C7B-12A8-B650-37380B4796BA}.Release|Any CPU.Build.0 = Release|Any CPU
		{0D261B37-A6A3-D5CA-C625-5DAA5B3EFCD4}.Debug|Any CPU.ActiveCfg = Debug|Any CPU
		{0D261B37-A6A3-D5CA-C625-5DAA5B3EFCD4}.Debug|Any CPU.Build.0 = Debug|Any CPU
		{0D261B37-A6A3-D5CA-C625-5DAA5B3EFCD4}.Release|Any CPU.ActiveCfg = Release|Any CPU
		{0D261B37-A6A3-D5CA-C625-5DAA5B3EFCD4}.Release|Any CPU.Build.0 = Release|Any CPU
		{BC1F8933-6963-4E66-9498-A0A5DCCE5D59}.Debug|Any CPU.ActiveCfg = Debug|Any CPU
		{BC1F8933-6963-4E66-9498-A0A5DCCE5D59}.Debug|Any CPU.Build.0 = Debug|Any CPU
		{BC1F8933-6963-4E66-9498-A0A5DCCE5D59}.Release|Any CPU.ActiveCfg = Release|Any CPU
		{BC1F8933-6963-4E66-9498-A0A5DCCE5D59}.Release|Any CPU.Build.0 = Release|Any CPU
		{267E52ED-3EFE-4428-8106-075F52B8ECFB}.Debug|Any CPU.ActiveCfg = Debug|Any CPU
		{267E52ED-3EFE-4428-8106-075F52B8ECFB}.Debug|Any CPU.Build.0 = Debug|Any CPU
		{267E52ED-3EFE-4428-8106-075F52B8ECFB}.Release|Any CPU.ActiveCfg = Release|Any CPU
		{267E52ED-3EFE-4428-8106-075F52B8ECFB}.Release|Any CPU.Build.0 = Release|Any CPU
		{E4D2A11B-0CDE-32D2-4B6E-259BDED4DF5D}.Debug|Any CPU.ActiveCfg = Debug|Any CPU
		{E4D2A11B-0CDE-32D2-4B6E-259BDED4DF5D}.Debug|Any CPU.Build.0 = Debug|Any CPU
		{E4D2A11B-0CDE-32D2-4B6E-259BDED4DF5D}.Release|Any CPU.ActiveCfg = Release|Any CPU
		{E4D2A11B-0CDE-32D2-4B6E-259BDED4DF5D}.Release|Any CPU.Build.0 = Release|Any CPU
		{F803152E-DBD1-D868-E6FB-54409E61CE74}.Debug|Any CPU.ActiveCfg = Debug|Any CPU
		{F803152E-DBD1-D868-E6FB-54409E61CE74}.Debug|Any CPU.Build.0 = Debug|Any CPU
		{F803152E-DBD1-D868-E6FB-54409E61CE74}.Release|Any CPU.ActiveCfg = Release|Any CPU
		{F803152E-DBD1-D868-E6FB-54409E61CE74}.Release|Any CPU.Build.0 = Release|Any CPU
		{0F79A1DF-0794-B050-B7B1-2DA5196237DD}.Debug|Any CPU.ActiveCfg = Debug|Any CPU
		{0F79A1DF-0794-B050-B7B1-2DA5196237DD}.Debug|Any CPU.Build.0 = Debug|Any CPU
		{0F79A1DF-0794-B050-B7B1-2DA5196237DD}.Release|Any CPU.ActiveCfg = Release|Any CPU
		{0F79A1DF-0794-B050-B7B1-2DA5196237DD}.Release|Any CPU.Build.0 = Release|Any CPU
		{6E4CF029-F016-4C0C-B19F-8DFB4453DEAD}.Debug|Any CPU.ActiveCfg = Debug|Any CPU
		{6E4CF029-F016-4C0C-B19F-8DFB4453DEAD}.Debug|Any CPU.Build.0 = Debug|Any CPU
		{6E4CF029-F016-4C0C-B19F-8DFB4453DEAD}.Release|Any CPU.ActiveCfg = Release|Any CPU
		{6E4CF029-F016-4C0C-B19F-8DFB4453DEAD}.Release|Any CPU.Build.0 = Release|Any CPU
		{7C95074C-D848-4DF3-A04D-557239C923FD}.Debug|Any CPU.ActiveCfg = Debug|Any CPU
		{7C95074C-D848-4DF3-A04D-557239C923FD}.Debug|Any CPU.Build.0 = Debug|Any CPU
		{7C95074C-D848-4DF3-A04D-557239C923FD}.Release|Any CPU.ActiveCfg = Release|Any CPU
		{7C95074C-D848-4DF3-A04D-557239C923FD}.Release|Any CPU.Build.0 = Release|Any CPU
	EndGlobalSection
	GlobalSection(SolutionProperties) = preSolution
		HideSolutionNode = FALSE
	EndGlobalSection
	GlobalSection(NestedProjects) = preSolution
		{4670DA49-1CE0-4F71-AC0E-DC98C57F93BD} = {32C7FC6C-F861-4A12-A87A-DE00FCD659FE}
		{78748D90-3A0B-4C6B-9E40-6D0DB99E2E61} = {C1FDBC45-2F47-4565-B2F0-36C029D4ABD2}
		{EFDE0218-A84C-4D21-8FE3-D611259C559A} = {C1FDBC45-2F47-4565-B2F0-36C029D4ABD2}
		{AD70C0C1-98F3-4799-BDE4-C4D9E5DBAF1A} = {C1FDBC45-2F47-4565-B2F0-36C029D4ABD2}
		{635B3DD3-D57E-4088-B582-020F7E9D7860} = {C1FDBC45-2F47-4565-B2F0-36C029D4ABD2}
		{F587F338-8A00-445E-9AE0-2F7BACC1326C} = {57607E56-2333-4564-B1E6-5C9C7E9134AD}
		{747CD6D1-71A3-4D2E-AFE2-B230CCF69BBC} = {57607E56-2333-4564-B1E6-5C9C7E9134AD}
		{349C340B-1ED6-47C4-B601-96AD0CECAF19} = {57607E56-2333-4564-B1E6-5C9C7E9134AD}
		{89724276-3C49-4543-8598-2A4E37D41629} = {57607E56-2333-4564-B1E6-5C9C7E9134AD}
		{9B2BB787-2D02-47DD-BC52-D7A5E629F76C} = {B2B8839C-7268-413A-BA1A-3113CF89F870}
		{8F5B21C4-E501-4CAC-8BD1-3E723C6ADC86} = {B2B8839C-7268-413A-BA1A-3113CF89F870}
		{991EDB34-A6AD-4210-B81A-785F77FCA85F} = {349C340B-1ED6-47C4-B601-96AD0CECAF19}
		{93324A70-2F4B-4B8C-B832-8583DE281D9D} = {349C340B-1ED6-47C4-B601-96AD0CECAF19}
		{3E083017-5BBB-4CE8-9519-7EF00FA853FB} = {349C340B-1ED6-47C4-B601-96AD0CECAF19}
		{B2B8839C-7268-413A-BA1A-3113CF89F870} = {349C340B-1ED6-47C4-B601-96AD0CECAF19}
		{B35B4C19-9D18-4A3F-9FFE-FF875745B3D8} = {3E083017-5BBB-4CE8-9519-7EF00FA853FB}
		{B80AC9E5-471C-4F02-8335-514DE76D3792} = {3E083017-5BBB-4CE8-9519-7EF00FA853FB}
		{0F58FEA0-D424-4462-9436-7DFBF04FD43D} = {3E083017-5BBB-4CE8-9519-7EF00FA853FB}
		{9AFE79F6-742E-433C-B7E2-F6D02DD2A524} = {B35B4C19-9D18-4A3F-9FFE-FF875745B3D8}
		{D64817D8-629F-426F-8EF5-71E00FA95C38} = {B35B4C19-9D18-4A3F-9FFE-FF875745B3D8}
		{C8D2C187-0410-4767-8AF6-9565E4B80E41} = {B35B4C19-9D18-4A3F-9FFE-FF875745B3D8}
		{8EC47A0F-0B62-42BE-AE31-F0A36DC59B13} = {B35B4C19-9D18-4A3F-9FFE-FF875745B3D8}
		{B83C8A60-B245-46A2-BB30-3EA02B61BA6F} = {0F58FEA0-D424-4462-9436-7DFBF04FD43D}
		{EB440B37-DC29-48EC-9A51-84083C0554B7} = {0F58FEA0-D424-4462-9436-7DFBF04FD43D}
		{56CADF28-5027-4865-B570-ABED813C7DEA} = {0F58FEA0-D424-4462-9436-7DFBF04FD43D}
		{DAF2B2AF-7395-449F-96B4-00AF433D491E} = {0F58FEA0-D424-4462-9436-7DFBF04FD43D}
		{3E1EE411-20DB-4E98-B867-FDFE0510C56C} = {B80AC9E5-471C-4F02-8335-514DE76D3792}
		{DA5B45D8-5817-4877-9BD2-2DB977AAF3AF} = {B80AC9E5-471C-4F02-8335-514DE76D3792}
		{7EE85232-6A14-418A-800D-B3FD219C7F96} = {B80AC9E5-471C-4F02-8335-514DE76D3792}
		{D9EAC4AF-55B5-4D1B-AEA3-28E668739542} = {B80AC9E5-471C-4F02-8335-514DE76D3792}
		{E4CE6B6C-4D6D-4A3C-88D7-7D891B4972FC} = {89724276-3C49-4543-8598-2A4E37D41629}
		{2E03BD2D-E1E4-46E9-BCA7-EAAF336EDF97} = {89724276-3C49-4543-8598-2A4E37D41629}
		{C445480B-E235-4C41-A322-70030FF8BA3C} = {89724276-3C49-4543-8598-2A4E37D41629}
		{12C50D52-F03D-4950-BF6A-F0304BD466D4} = {57607E56-2333-4564-B1E6-5C9C7E9134AD}
		{99CED204-96E8-4762-B910-4D3F63AE7CC2} = {F587F338-8A00-445E-9AE0-2F7BACC1326C}
		{80DA8C1F-E1D8-49C0-BD44-5CBEFD10FC53} = {F587F338-8A00-445E-9AE0-2F7BACC1326C}
		{5892E3FA-91AC-441E-B46B-F251B87DDCFA} = {991EDB34-A6AD-4210-B81A-785F77FCA85F}
		{36D591C7-65C7-A0D1-1CBC-10CDE441BDC8} = {349C340B-1ED6-47C4-B601-96AD0CECAF19}
		{648F02A4-B885-47D0-8146-A7E58E59CC26} = {36D591C7-65C7-A0D1-1CBC-10CDE441BDC8}
		{741BD074-1F8F-4098-9EC7-1AE067BB151D} = {B2B8839C-7268-413A-BA1A-3113CF89F870}
		{451201B7-BF9E-48CC-B23C-09A0D0B417D7} = {B2B8839C-7268-413A-BA1A-3113CF89F870}
		{8D8D2C52-B21B-0B89-74E6-2CF64EB09F81} = {451201B7-BF9E-48CC-B23C-09A0D0B417D7}
		{CDC013AC-8C7B-12A8-B650-37380B4796BA} = {451201B7-BF9E-48CC-B23C-09A0D0B417D7}
		{0D261B37-A6A3-D5CA-C625-5DAA5B3EFCD4} = {741BD074-1F8F-4098-9EC7-1AE067BB151D}
		{63DC9A9E-E524-40F3-90D6-02145315010E} = {3E083017-5BBB-4CE8-9519-7EF00FA853FB}
		{BC1F8933-6963-4E66-9498-A0A5DCCE5D59} = {63DC9A9E-E524-40F3-90D6-02145315010E}
		{267E52ED-3EFE-4428-8106-075F52B8ECFB} = {36D591C7-65C7-A0D1-1CBC-10CDE441BDC8}
		{889D4837-6950-4C1B-9658-B88FB7FB5AC0} = {B2B8839C-7268-413A-BA1A-3113CF89F870}
		{E4D2A11B-0CDE-32D2-4B6E-259BDED4DF5D} = {889D4837-6950-4C1B-9658-B88FB7FB5AC0}
		{F803152E-DBD1-D868-E6FB-54409E61CE74} = {889D4837-6950-4C1B-9658-B88FB7FB5AC0}
		{0F79A1DF-0794-B050-B7B1-2DA5196237DD} = {889D4837-6950-4C1B-9658-B88FB7FB5AC0}
		{6073E43B-9CCB-42C2-8D52-4F728E13380D} = {B2B8839C-7268-413A-BA1A-3113CF89F870}
		{6E4CF029-F016-4C0C-B19F-8DFB4453DEAD} = {6073E43B-9CCB-42C2-8D52-4F728E13380D}
		{7C95074C-D848-4DF3-A04D-557239C923FD} = {B2B8839C-7268-413A-BA1A-3113CF89F870}
	EndGlobalSection
	GlobalSection(ExtensibilityGlobals) = postSolution
		SolutionGuid = {F682C80D-8386-4519-B7AF-F8804DF04E65}
	EndGlobalSection
EndGlobal
